
Microsoft Visual Studio Solution File, Format Version 12.00
# Visual Studio Version 17
VisualStudioVersion = 17.14.36301.6 d17.14
MinimumVisualStudioVersion = 10.0.40219.1
Project("{FAE04EC0-301F-11D3-BF4B-00C04F79EFBC}") = "App_Escritorio1", "App_Escritorio1.csproj", "{DA056246-3CCD-4ADD-ACC2-A2EA7C896649}"
EndProject
Global
	GlobalSection(SolutionConfigurationPlatforms) = preSolution
		Debug|Any CPU = Debug|Any CPU
		Release|Any CPU = Release|Any CPU
	EndGlobalSection
	GlobalSection(ProjectConfigurationPlatforms) = postSolution
		{DA056246-3CCD-4ADD-ACC2-A2EA7C896649}.Debug|Any CPU.ActiveCfg = Debug|Any CPU
		{DA056246-3CCD-4ADD-ACC2-A2EA7C896649}.Debug|Any CPU.Build.0 = Debug|Any CPU
		{DA056246-3CCD-4ADD-ACC2-A2EA7C896649}.Release|Any CPU.ActiveCfg = Release|Any CPU
		{DA056246-3CCD-4ADD-ACC2-A2EA7C896649}.Release|Any CPU.Build.0 = Release|Any CPU
	EndGlobalSection
	GlobalSection(SolutionProperties) = preSolution
		HideSolutionNode = FALSE
	EndGlobalSection
	GlobalSection(ExtensibilityGlobals) = postSolution
		SolutionGuid = {C186B4A2-ABCF-4A3C-A3A0-01094835F8B1}
	EndGlobalSection
EndGlobal
