
Microsoft Visual Studio Solution File, Format Version 12.00
# Visual Studio Version 17
VisualStudioVersion = 17.14.36301.6 d17.14
MinimumVisualStudioVersion = 10.0.40219.1
Project("{FAE04EC0-301F-11D3-BF4B-00C04F79EFBC}") = "ClaseAbstracta", "ClaseAbstracta.csproj", "{C7454FAB-6B4D-4EE1-808A-C52860F83164}"
EndProject
Global
	GlobalSection(SolutionConfigurationPlatforms) = preSolution
		Debug|Any CPU = Debug|Any CPU
		Release|Any CPU = Release|Any CPU
	EndGlobalSection
	GlobalSection(ProjectConfigurationPlatforms) = postSolution
		{C7454FAB-6B4D-4EE1-808A-C52860F83164}.Debug|Any CPU.ActiveCfg = Debug|Any CPU
		{C7454FAB-6B4D-4EE1-808A-C52860F83164}.Debug|Any CPU.Build.0 = Debug|Any CPU
		{C7454FAB-6B4D-4EE1-808A-C52860F83164}.Release|Any CPU.ActiveCfg = Release|Any CPU
		{C7454FAB-6B4D-4EE1-808A-C52860F83164}.Release|Any CPU.Build.0 = Release|Any CPU
	EndGlobalSection
	GlobalSection(SolutionProperties) = preSolution
		HideSolutionNode = FALSE
	EndGlobalSection
	GlobalSection(ExtensibilityGlobals) = postSolution
		SolutionGuid = {588ABF62-E5A8-4E4E-9F7F-AD837692FB93}
	EndGlobalSection
EndGlobal
