
Microsoft Visual Studio Solution File, Format Version 12.00
# Visual Studio Version 17
VisualStudioVersion = 17.14.36310.24 d17.14
MinimumVisualStudioVersion = 10.0.40219.1
Project("{FAE04EC0-301F-11D3-BF4B-00C04F79EFBC}") = "CheckBox_RadioButton", "CheckBox_RadioButton.csproj", "{16E2ECC8-EC49-4B8C-B43C-FE66C0F2EBE5}"
EndProject
Global
	GlobalSection(SolutionConfigurationPlatforms) = preSolution
		Debug|Any CPU = Debug|Any CPU
		Release|Any CPU = Release|Any CPU
	EndGlobalSection
	GlobalSection(ProjectConfigurationPlatforms) = postSolution
		{16E2ECC8-EC49-4B8C-B43C-FE66C0F2EBE5}.Debug|Any CPU.ActiveCfg = Debug|Any CPU
		{16E2ECC8-EC49-4B8C-B43C-FE66C0F2EBE5}.Debug|Any CPU.Build.0 = Debug|Any CPU
		{16E2ECC8-EC49-4B8C-B43C-FE66C0F2EBE5}.Release|Any CPU.ActiveCfg = Release|Any CPU
		{16E2ECC8-EC49-4B8C-B43C-FE66C0F2EBE5}.Release|Any CPU.Build.0 = Release|Any CPU
	EndGlobalSection
	GlobalSection(SolutionProperties) = preSolution
		HideSolutionNode = FALSE
	EndGlobalSection
	GlobalSection(ExtensibilityGlobals) = postSolution
		SolutionGuid = {BFA5DC2F-7947-4072-8946-E3CB2405A851}
	EndGlobalSection
EndGlobal
