
Microsoft Visual Studio Solution File, Format Version 12.00
# Visual Studio Version 17
VisualStudioVersion = 17.14.36221.1 d17.14
MinimumVisualStudioVersion = 10.0.40219.1
Project("{FAE04EC0-301F-11D3-BF4B-00C04F79EFBC}") = "Aleatorios", "Aleatorios.csproj", "{BA38980B-5BED-4B1A-A944-8049FBC5C149}"
EndProject
Global
	GlobalSection(SolutionConfigurationPlatforms) = preSolution
		Debug|Any CPU = Debug|Any CPU
		Release|Any CPU = Release|Any CPU
	EndGlobalSection
	GlobalSection(ProjectConfigurationPlatforms) = postSolution
		{BA38980B-5BED-4B1A-A944-8049FBC5C149}.Debug|Any CPU.ActiveCfg = Debug|Any CPU
		{BA38980B-5BED-4B1A-A944-8049FBC5C149}.Debug|Any CPU.Build.0 = Debug|Any CPU
		{BA38980B-5BED-4B1A-A944-8049FBC5C149}.Release|Any CPU.ActiveCfg = Release|Any CPU
		{BA38980B-5BED-4B1A-A944-8049FBC5C149}.Release|Any CPU.Build.0 = Release|Any CPU
	EndGlobalSection
	GlobalSection(SolutionProperties) = preSolution
		HideSolutionNode = FALSE
	EndGlobalSection
	GlobalSection(ExtensibilityGlobals) = postSolution
		SolutionGuid = {F0B4FAD6-B949-436F-B14D-4996B1F87E99}
	EndGlobalSection
EndGlobal
