
Microsoft Visual Studio Solution File, Format Version 12.00
# Visual Studio Version 17
VisualStudioVersion = 17.14.36221.1 d17.14
MinimumVisualStudioVersion = 10.0.40219.1
Project("{FAE04EC0-301F-11D3-BF4B-00C04F79EFBC}") = "Ficheros", "Ficheros.csproj", "{DACDA8BA-D1C7-4F9E-983E-25E1CE48BDE8}"
EndProject
Global
	GlobalSection(SolutionConfigurationPlatforms) = preSolution
		Debug|Any CPU = Debug|Any CPU
		Release|Any CPU = Release|Any CPU
	EndGlobalSection
	GlobalSection(ProjectConfigurationPlatforms) = postSolution
		{DACDA8BA-D1C7-4F9E-983E-25E1CE48BDE8}.Debug|Any CPU.ActiveCfg = Debug|Any CPU
		{DACDA8BA-D1C7-4F9E-983E-25E1CE48BDE8}.Debug|Any CPU.Build.0 = Debug|Any CPU
		{DACDA8BA-D1C7-4F9E-983E-25E1CE48BDE8}.Release|Any CPU.ActiveCfg = Release|Any CPU
		{DACDA8BA-D1C7-4F9E-983E-25E1CE48BDE8}.Release|Any CPU.Build.0 = Release|Any CPU
	EndGlobalSection
	GlobalSection(SolutionProperties) = preSolution
		HideSolutionNode = FALSE
	EndGlobalSection
	GlobalSection(ExtensibilityGlobals) = postSolution
		SolutionGuid = {3752610E-4843-48EA-9A9A-2FCB5E9DD518}
	EndGlobalSection
EndGlobal
